
Microsoft Visual Studio Solution File, Format Version 12.00
# Visual Studio Version 16
VisualStudioVersion = 16.0.30225.117
MinimumVisualStudioVersion = 10.0.40219.1
Project("{2150E333-8FDC-42A3-9474-1A3956D46DE8}") = "1 - Layers", "1 - Layers", "{25A3BA03-459D-4859-B12A-C3A2D42C950D}"
EndProject
Project("{2150E333-8FDC-42A3-9474-1A3956D46DE8}") = "1.1 - Infrastructure", "1.1 - Infrastructure", "{A8A345FA-CB4D-47A9-B7C1-0DB6D52B908D}"
EndProject
Project("{2150E333-8FDC-42A3-9474-1A3956D46DE8}") = "1.2 - Domain", "1.2 - Domain", "{E7752088-CAD4-463F-BBFF-00B17ACF109F}"
EndProject
Project("{2150E333-8FDC-42A3-9474-1A3956D46DE8}") = "1.2.1 - SuperTypes", "1.2.1 - SuperTypes", "{FD5055AF-AF28-4099-8FFD-0FA241881AF0}"
EndProject
Project("{9A19103F-16F7-4668-BE54-9A1E7A4F7556}") = "KiraSoft.Domain.EntityBase", "KiraSoft.Domain.EntityBase\KiraSoft.Domain.EntityBase.csproj", "{35F4A125-EF34-4F73-BBA2-DAABB0B78A66}"
EndProject
Project("{2150E333-8FDC-42A3-9474-1A3956D46DE8}") = "1.1.1 - SuperTypes", "1.1.1 - SuperTypes", "{B5511DC9-2C73-4827-B517-8EE2220234A2}"
EndProject
Project("{9A19103F-16F7-4668-BE54-9A1E7A4F7556}") = "KiraSoft.Domain.RepositoryBase", "KiraSoft.Domain.RepositoryBase\KiraSoft.Domain.RepositoryBase.csproj", "{FA42B2E0-C58B-41A8-9B0A-845F6C934308}"
EndProject
Project("{9A19103F-16F7-4668-BE54-9A1E7A4F7556}") = "KiraSoft.Infrastructure.RepositoryBase", "KiraSoft.Infrastructure.RepositoryBase\KiraSoft.Infrastructure.RepositoryBase.csproj", "{0C4261B2-F116-4EAB-97A1-E5BC0EF7705A}"
EndProject
Project("{2150E333-8FDC-42A3-9474-1A3956D46DE8}") = "1.2.2 - Model", "1.2.2 - Model", "{2DC4261F-8A4E-4158-AB49-1BB7D0C1E635}"
EndProject
Project("{9A19103F-16F7-4668-BE54-9A1E7A4F7556}") = "KiraSoft.Domain.Model.Identity", "KiraSoft.Domain.Model.Identity\KiraSoft.Domain.Model.Identity.csproj", "{6B83DEB8-3F1C-49B5-B5E3-C23F1CF6EBFC}"
EndProject
Project("{9A19103F-16F7-4668-BE54-9A1E7A4F7556}") = "KiraSoft.Domain.Model.Base", "KiraSoft.Domain.Model.Base\KiraSoft.Domain.Model.Base.csproj", "{EE16E30E-0D72-42D3-A6E9-04A8C3FC7D88}"
EndProject
Project("{2150E333-8FDC-42A3-9474-1A3956D46DE8}") = "1.1.2 - Persistence", "1.1.2 - Persistence", "{D606B544-7640-4A50-98DF-E9F97467039B}"
EndProject
Project("{9A19103F-16F7-4668-BE54-9A1E7A4F7556}") = "KiraSoft.Infrastructure.Persistence", "KiraSoft.Infrastructure.Persistence\KiraSoft.Infrastructure.Persistence.csproj", "{DADB9023-74C8-426D-9F78-66DABBDFD22C}"
EndProject
Project("{2150E333-8FDC-42A3-9474-1A3956D46DE8}") = "1.1.3 - Repositories", "1.1.3 - Repositories", "{16C4CC4F-17DB-41DA-AA86-AFF0DCC85697}"
EndProject
Project("{9A19103F-16F7-4668-BE54-9A1E7A4F7556}") = "KiraSoft.Infrastructure.Repositories", "KiraSoft.Infrastructure.Repositories\KiraSoft.Infrastructure.Repositories.csproj", "{580EA22A-26C9-4D68-8992-477DBF45A917}"
EndProject
Project("{9A19103F-16F7-4668-BE54-9A1E7A4F7556}") = "KiraSoft.Infrastructure.IdentityRepository", "KiraSoft.Infrastructure.IdentityRepository\KiraSoft.Infrastructure.IdentityRepository.csproj", "{E83289EA-E3A3-4B13-B3EC-A25E496B23FF}"
EndProject
Project("{2150E333-8FDC-42A3-9474-1A3956D46DE8}") = "1.2.3 - Repositories", "1.2.3 - Repositories", "{65B82BE7-D017-4F5C-8A48-7D86C82A0D8E}"
EndProject
Project("{9A19103F-16F7-4668-BE54-9A1E7A4F7556}") = "KiraSoft.Domain.IdentityRepository", "KiraSoft.Domain.IdentityRepository\KiraSoft.Domain.IdentityRepository.csproj", "{CE9F5C39-BB2F-4325-98D1-813A4FB38033}"
EndProject
Project("{2150E333-8FDC-42A3-9474-1A3956D46DE8}") = "1.3 - Application", "1.3 - Application", "{B1AC367E-2D19-43DB-9DFD-D2E99F25C4AB}"
EndProject
Project("{2150E333-8FDC-42A3-9474-1A3956D46DE8}") = "1.3.1 - Supertypes", "1.3.1 - Supertypes", "{57BBF37E-2BA6-4B83-AD74-D5C31903F474}"
EndProject
Project("{9A19103F-16F7-4668-BE54-9A1E7A4F7556}") = "KiraSoft.Application.Base.ViewModel", "KiraSoft.Application.Base.ViewModel\KiraSoft.Application.Base.ViewModel.csproj", "{CA102065-1737-4A05-955A-962A6EB693BC}"
EndProject
Project("{9A19103F-16F7-4668-BE54-9A1E7A4F7556}") = "KiraSoft.Application.MapperBase", "KiraSoft.Application.MapperBase\KiraSoft.Application.MapperBase.csproj", "{B44516B4-C808-417C-85DE-FF28FAC84012}"
EndProject
Project("{2150E333-8FDC-42A3-9474-1A3956D46DE8}") = "1.3.4 - Adapter", "1.3.4 - Adapter", "{E054FD7A-A369-4079-A6C4-881DC30F653F}"
EndProject
Project("{9A19103F-16F7-4668-BE54-9A1E7A4F7556}") = "KiraSoft.Application.Adapters", "KiraSoft.Application.Adapters\KiraSoft.Application.Adapters.csproj", "{B5D2CF02-A926-42C8-B112-A9B969FDE9C1}"
EndProject
Project("{2150E333-8FDC-42A3-9474-1A3956D46DE8}") = "1.3.3 - ViewModel", "1.3.3 - ViewModel", "{57A46EBB-AD5A-40C4-9F0C-0778C1391532}"
EndProject
Project("{9A19103F-16F7-4668-BE54-9A1E7A4F7556}") = "KiraSoft.Application.IdentityViewModel", "KiraSoft.Application.IdentityViewModel\KiraSoft.Application.IdentityViewModel.csproj", "{B615C6A9-3EDC-485B-B877-1ECBFB228BD5}"
EndProject
Project("{9A19103F-16F7-4668-BE54-9A1E7A4F7556}") = "KiraSoft.Application.Base.Service", "KiraSoft.Application.Base.Service\KiraSoft.Application.Base.Service.csproj", "{22C5E6AB-5E7A-4A48-A75D-8BA0E3A6CE88}"
EndProject
Project("{2150E333-8FDC-42A3-9474-1A3956D46DE8}") = "1.3.2 - Services", "1.3.2 - Services", "{6BB9D8D0-9A2F-444B-85D5-6303C3B05A6D}"
EndProject
Project("{2150E333-8FDC-42A3-9474-1A3956D46DE8}") = "1.3.2.1 - Contracts", "1.3.2.1 - Contracts", "{193F2B4B-7B71-4D4B-B347-4859193BD9BB}"
EndProject
Project("{9A19103F-16F7-4668-BE54-9A1E7A4F7556}") = "KiraSoft.Application.Services.Indentity.Contracts", "KiraSoft.Application.Services.Indentity.Contracts\KiraSoft.Application.Services.Indentity.Contracts.csproj", "{D7AFE219-9FB9-4D73-B433-FB95B19880F1}"
EndProject
Project("{2150E333-8FDC-42A3-9474-1A3956D46DE8}") = "1.3.2.2 - Implementations", "1.3.2.2 - Implementations", "{D05037A5-422F-4632-B59D-755C2E539B5E}"
EndProject
Project("{9A19103F-16F7-4668-BE54-9A1E7A4F7556}") = "KiraSoft.Application.Service.Identity", "KiraSoft.Application.Service.Identity\KiraSoft.Application.Service.Identity.csproj", "{A73F54B3-BB7B-4CB9-8B03-3BE59D5D0A8F}"
EndProject
Project("{2150E333-8FDC-42A3-9474-1A3956D46DE8}") = "1.3.2.3 - Register", "1.3.2.3 - Register", "{372ACB43-C5CD-4E55-9CBB-6C5EB1762E2C}"
EndProject
Project("{2150E333-8FDC-42A3-9474-1A3956D46DE8}") = "1.4 - Distributed Services", "1.4 - Distributed Services", "{49EA22FF-0B4D-44B4-B525-59BF2BA4D4E5}"
EndProject
Project("{2150E333-8FDC-42A3-9474-1A3956D46DE8}") = "1.5 - Cross Cutting", "1.5 - Cross Cutting", "{C428CCB8-8EE0-4134-85C9-B839CA76A261}"
EndProject
Project("{2150E333-8FDC-42A3-9474-1A3956D46DE8}") = "2 - Tests", "2 - Tests", "{34E886C3-366F-4C5F-AD96-F0770E535D86}"
EndProject
Project("{2150E333-8FDC-42A3-9474-1A3956D46DE8}") = "1.5.1 - Operation", "1.5.1 - Operation", "{02E21921-8DEA-4355-9E65-D37DD9C1C1A3}"
EndProject
Project("{9A19103F-16F7-4668-BE54-9A1E7A4F7556}") = "KiraSoft.CrossCutting.Operation", "KiraSoft.CrossCutting.Operation\KiraSoft.CrossCutting.Operation.csproj", "{62805364-E055-44D9-9449-097E5E420D92}"
EndProject
Project("{9A19103F-16F7-4668-BE54-9A1E7A4F7556}") = "KiraSoft.Genealogy.Web.API", "KiraSoft.Genealogy.Web.API\KiraSoft.Genealogy.Web.API.csproj", "{6E7BCD10-9769-4AF4-8B2B-1837AEC77513}"
EndProject
Project("{9A19103F-16F7-4668-BE54-9A1E7A4F7556}") = "KiraSoft.Application.Service.Register", "KiraSoft.Application.Service.Register\KiraSoft.Application.Service.Register.csproj", "{79474D07-72C5-4DF8-9D10-3165057A003B}"
EndProject
Project("{2150E333-8FDC-42A3-9474-1A3956D46DE8}") = "1.6 - Register", "1.6 - Register", "{38D3165F-1276-4971-B7BC-ADFA8625BF7F}"
EndProject
Project("{9A19103F-16F7-4668-BE54-9A1E7A4F7556}") = "KiraSoft.Register.Services", "KiraSoft.Register.Services\KiraSoft.Register.Services.csproj", "{219B708F-0A5C-4837-9E55-9C48F2BE7DA0}"
EndProject
Project("{2150E333-8FDC-42A3-9474-1A3956D46DE8}") = "0 - Diagrams", "0 - Diagrams", "{96302C1C-8C5D-4691-813A-E127E39DFD53}"
	ProjectSection(SolutionItems) = preProject
		Application_Diagram.dgml = Application_Diagram.dgml
	EndProjectSection
EndProject
Project("{2150E333-8FDC-42A3-9474-1A3956D46DE8}") = "1.5.2 - Mailer", "1.5.2 - Mailer", "{5F45830F-D621-48FB-87C1-ECA3B4FD799F}"
EndProject
Project("{FAE04EC0-301F-11D3-BF4B-00C04F79EFBC}") = "KiraSoft.CrossCutting.Mailer", "KiraSoft.CrossCutting.Mailer\KiraSoft.CrossCutting.Mailer.csproj", "{0DC24D68-557A-484D-A91E-052C82930F02}"
EndProject
Global
	GlobalSection(SolutionConfigurationPlatforms) = preSolution
		Debug|Any CPU = Debug|Any CPU
		Release|Any CPU = Release|Any CPU
	EndGlobalSection
	GlobalSection(ProjectConfigurationPlatforms) = postSolution
		{35F4A125-EF34-4F73-BBA2-DAABB0B78A66}.Debug|Any CPU.ActiveCfg = Debug|Any CPU
		{35F4A125-EF34-4F73-BBA2-DAABB0B78A66}.Debug|Any CPU.Build.0 = Debug|Any CPU
		{35F4A125-EF34-4F73-BBA2-DAABB0B78A66}.Release|Any CPU.ActiveCfg = Release|Any CPU
		{35F4A125-EF34-4F73-BBA2-DAABB0B78A66}.Release|Any CPU.Build.0 = Release|Any CPU
		{FA42B2E0-C58B-41A8-9B0A-845F6C934308}.Debug|Any CPU.ActiveCfg = Debug|Any CPU
		{FA42B2E0-C58B-41A8-9B0A-845F6C934308}.Debug|Any CPU.Build.0 = Debug|Any CPU
		{FA42B2E0-C58B-41A8-9B0A-845F6C934308}.Release|Any CPU.ActiveCfg = Release|Any CPU
		{FA42B2E0-C58B-41A8-9B0A-845F6C934308}.Release|Any CPU.Build.0 = Release|Any CPU
		{0C4261B2-F116-4EAB-97A1-E5BC0EF7705A}.Debug|Any CPU.ActiveCfg = Debug|Any CPU
		{0C4261B2-F116-4EAB-97A1-E5BC0EF7705A}.Debug|Any CPU.Build.0 = Debug|Any CPU
		{0C4261B2-F116-4EAB-97A1-E5BC0EF7705A}.Release|Any CPU.ActiveCfg = Release|Any CPU
		{0C4261B2-F116-4EAB-97A1-E5BC0EF7705A}.Release|Any CPU.Build.0 = Release|Any CPU
		{6B83DEB8-3F1C-49B5-B5E3-C23F1CF6EBFC}.Debug|Any CPU.ActiveCfg = Debug|Any CPU
		{6B83DEB8-3F1C-49B5-B5E3-C23F1CF6EBFC}.Debug|Any CPU.Build.0 = Debug|Any CPU
		{6B83DEB8-3F1C-49B5-B5E3-C23F1CF6EBFC}.Release|Any CPU.ActiveCfg = Release|Any CPU
		{6B83DEB8-3F1C-49B5-B5E3-C23F1CF6EBFC}.Release|Any CPU.Build.0 = Release|Any CPU
		{EE16E30E-0D72-42D3-A6E9-04A8C3FC7D88}.Debug|Any CPU.ActiveCfg = Debug|Any CPU
		{EE16E30E-0D72-42D3-A6E9-04A8C3FC7D88}.Debug|Any CPU.Build.0 = Debug|Any CPU
		{EE16E30E-0D72-42D3-A6E9-04A8C3FC7D88}.Release|Any CPU.ActiveCfg = Release|Any CPU
		{EE16E30E-0D72-42D3-A6E9-04A8C3FC7D88}.Release|Any CPU.Build.0 = Release|Any CPU
		{DADB9023-74C8-426D-9F78-66DABBDFD22C}.Debug|Any CPU.ActiveCfg = Debug|Any CPU
		{DADB9023-74C8-426D-9F78-66DABBDFD22C}.Debug|Any CPU.Build.0 = Debug|Any CPU
		{DADB9023-74C8-426D-9F78-66DABBDFD22C}.Release|Any CPU.ActiveCfg = Release|Any CPU
		{DADB9023-74C8-426D-9F78-66DABBDFD22C}.Release|Any CPU.Build.0 = Release|Any CPU
		{580EA22A-26C9-4D68-8992-477DBF45A917}.Debug|Any CPU.ActiveCfg = Debug|Any CPU
		{580EA22A-26C9-4D68-8992-477DBF45A917}.Debug|Any CPU.Build.0 = Debug|Any CPU
		{580EA22A-26C9-4D68-8992-477DBF45A917}.Release|Any CPU.ActiveCfg = Release|Any CPU
		{580EA22A-26C9-4D68-8992-477DBF45A917}.Release|Any CPU.Build.0 = Release|Any CPU
		{E83289EA-E3A3-4B13-B3EC-A25E496B23FF}.Debug|Any CPU.ActiveCfg = Debug|Any CPU
		{E83289EA-E3A3-4B13-B3EC-A25E496B23FF}.Debug|Any CPU.Build.0 = Debug|Any CPU
		{E83289EA-E3A3-4B13-B3EC-A25E496B23FF}.Release|Any CPU.ActiveCfg = Release|Any CPU
		{E83289EA-E3A3-4B13-B3EC-A25E496B23FF}.Release|Any CPU.Build.0 = Release|Any CPU
		{CE9F5C39-BB2F-4325-98D1-813A4FB38033}.Debug|Any CPU.ActiveCfg = Debug|Any CPU
		{CE9F5C39-BB2F-4325-98D1-813A4FB38033}.Debug|Any CPU.Build.0 = Debug|Any CPU
		{CE9F5C39-BB2F-4325-98D1-813A4FB38033}.Release|Any CPU.ActiveCfg = Release|Any CPU
		{CE9F5C39-BB2F-4325-98D1-813A4FB38033}.Release|Any CPU.Build.0 = Release|Any CPU
		{CA102065-1737-4A05-955A-962A6EB693BC}.Debug|Any CPU.ActiveCfg = Debug|Any CPU
		{CA102065-1737-4A05-955A-962A6EB693BC}.Debug|Any CPU.Build.0 = Debug|Any CPU
		{CA102065-1737-4A05-955A-962A6EB693BC}.Release|Any CPU.ActiveCfg = Release|Any CPU
		{CA102065-1737-4A05-955A-962A6EB693BC}.Release|Any CPU.Build.0 = Release|Any CPU
		{B44516B4-C808-417C-85DE-FF28FAC84012}.Debug|Any CPU.ActiveCfg = Debug|Any CPU
		{B44516B4-C808-417C-85DE-FF28FAC84012}.Debug|Any CPU.Build.0 = Debug|Any CPU
		{B44516B4-C808-417C-85DE-FF28FAC84012}.Release|Any CPU.ActiveCfg = Release|Any CPU
		{B44516B4-C808-417C-85DE-FF28FAC84012}.Release|Any CPU.Build.0 = Release|Any CPU
		{B5D2CF02-A926-42C8-B112-A9B969FDE9C1}.Debug|Any CPU.ActiveCfg = Debug|Any CPU
		{B5D2CF02-A926-42C8-B112-A9B969FDE9C1}.Debug|Any CPU.Build.0 = Debug|Any CPU
		{B5D2CF02-A926-42C8-B112-A9B969FDE9C1}.Release|Any CPU.ActiveCfg = Release|Any CPU
		{B5D2CF02-A926-42C8-B112-A9B969FDE9C1}.Release|Any CPU.Build.0 = Release|Any CPU
		{B615C6A9-3EDC-485B-B877-1ECBFB228BD5}.Debug|Any CPU.ActiveCfg = Debug|Any CPU
		{B615C6A9-3EDC-485B-B877-1ECBFB228BD5}.Debug|Any CPU.Build.0 = Debug|Any CPU
		{B615C6A9-3EDC-485B-B877-1ECBFB228BD5}.Release|Any CPU.ActiveCfg = Release|Any CPU
		{B615C6A9-3EDC-485B-B877-1ECBFB228BD5}.Release|Any CPU.Build.0 = Release|Any CPU
		{22C5E6AB-5E7A-4A48-A75D-8BA0E3A6CE88}.Debug|Any CPU.ActiveCfg = Debug|Any CPU
		{22C5E6AB-5E7A-4A48-A75D-8BA0E3A6CE88}.Debug|Any CPU.Build.0 = Debug|Any CPU
		{22C5E6AB-5E7A-4A48-A75D-8BA0E3A6CE88}.Release|Any CPU.ActiveCfg = Release|Any CPU
		{22C5E6AB-5E7A-4A48-A75D-8BA0E3A6CE88}.Release|Any CPU.Build.0 = Release|Any CPU
		{D7AFE219-9FB9-4D73-B433-FB95B19880F1}.Debug|Any CPU.ActiveCfg = Debug|Any CPU
		{D7AFE219-9FB9-4D73-B433-FB95B19880F1}.Debug|Any CPU.Build.0 = Debug|Any CPU
		{D7AFE219-9FB9-4D73-B433-FB95B19880F1}.Release|Any CPU.ActiveCfg = Release|Any CPU
		{D7AFE219-9FB9-4D73-B433-FB95B19880F1}.Release|Any CPU.Build.0 = Release|Any CPU
		{A73F54B3-BB7B-4CB9-8B03-3BE59D5D0A8F}.Debug|Any CPU.ActiveCfg = Debug|Any CPU
		{A73F54B3-BB7B-4CB9-8B03-3BE59D5D0A8F}.Debug|Any CPU.Build.0 = Debug|Any CPU
		{A73F54B3-BB7B-4CB9-8B03-3BE59D5D0A8F}.Release|Any CPU.ActiveCfg = Release|Any CPU
		{A73F54B3-BB7B-4CB9-8B03-3BE59D5D0A8F}.Release|Any CPU.Build.0 = Release|Any CPU
		{62805364-E055-44D9-9449-097E5E420D92}.Debug|Any CPU.ActiveCfg = Debug|Any CPU
		{62805364-E055-44D9-9449-097E5E420D92}.Debug|Any CPU.Build.0 = Debug|Any CPU
		{62805364-E055-44D9-9449-097E5E420D92}.Release|Any CPU.ActiveCfg = Release|Any CPU
		{62805364-E055-44D9-9449-097E5E420D92}.Release|Any CPU.Build.0 = Release|Any CPU
		{6E7BCD10-9769-4AF4-8B2B-1837AEC77513}.Debug|Any CPU.ActiveCfg = Debug|Any CPU
		{6E7BCD10-9769-4AF4-8B2B-1837AEC77513}.Debug|Any CPU.Build.0 = Debug|Any CPU
		{6E7BCD10-9769-4AF4-8B2B-1837AEC77513}.Release|Any CPU.ActiveCfg = Release|Any CPU
		{6E7BCD10-9769-4AF4-8B2B-1837AEC77513}.Release|Any CPU.Build.0 = Release|Any CPU
		{79474D07-72C5-4DF8-9D10-3165057A003B}.Debug|Any CPU.ActiveCfg = Debug|Any CPU
		{79474D07-72C5-4DF8-9D10-3165057A003B}.Debug|Any CPU.Build.0 = Debug|Any CPU
		{79474D07-72C5-4DF8-9D10-3165057A003B}.Release|Any CPU.ActiveCfg = Release|Any CPU
		{79474D07-72C5-4DF8-9D10-3165057A003B}.Release|Any CPU.Build.0 = Release|Any CPU
		{219B708F-0A5C-4837-9E55-9C48F2BE7DA0}.Debug|Any CPU.ActiveCfg = Debug|Any CPU
		{219B708F-0A5C-4837-9E55-9C48F2BE7DA0}.Debug|Any CPU.Build.0 = Debug|Any CPU
		{219B708F-0A5C-4837-9E55-9C48F2BE7DA0}.Release|Any CPU.ActiveCfg = Release|Any CPU
		{219B708F-0A5C-4837-9E55-9C48F2BE7DA0}.Release|Any CPU.Build.0 = Release|Any CPU
		{0DC24D68-557A-484D-A91E-052C82930F02}.Debug|Any CPU.ActiveCfg = Debug|Any CPU
		{0DC24D68-557A-484D-A91E-052C82930F02}.Debug|Any CPU.Build.0 = Debug|Any CPU
		{0DC24D68-557A-484D-A91E-052C82930F02}.Release|Any CPU.ActiveCfg = Release|Any CPU
		{0DC24D68-557A-484D-A91E-052C82930F02}.Release|Any CPU.Build.0 = Release|Any CPU
	EndGlobalSection
	GlobalSection(SolutionProperties) = preSolution
		HideSolutionNode = FALSE
	EndGlobalSection
	GlobalSection(NestedProjects) = preSolution
		{A8A345FA-CB4D-47A9-B7C1-0DB6D52B908D} = {25A3BA03-459D-4859-B12A-C3A2D42C950D}
		{E7752088-CAD4-463F-BBFF-00B17ACF109F} = {25A3BA03-459D-4859-B12A-C3A2D42C950D}
		{FD5055AF-AF28-4099-8FFD-0FA241881AF0} = {E7752088-CAD4-463F-BBFF-00B17ACF109F}
		{35F4A125-EF34-4F73-BBA2-DAABB0B78A66} = {FD5055AF-AF28-4099-8FFD-0FA241881AF0}
		{B5511DC9-2C73-4827-B517-8EE2220234A2} = {A8A345FA-CB4D-47A9-B7C1-0DB6D52B908D}
		{FA42B2E0-C58B-41A8-9B0A-845F6C934308} = {FD5055AF-AF28-4099-8FFD-0FA241881AF0}
		{0C4261B2-F116-4EAB-97A1-E5BC0EF7705A} = {B5511DC9-2C73-4827-B517-8EE2220234A2}
		{2DC4261F-8A4E-4158-AB49-1BB7D0C1E635} = {E7752088-CAD4-463F-BBFF-00B17ACF109F}
		{6B83DEB8-3F1C-49B5-B5E3-C23F1CF6EBFC} = {2DC4261F-8A4E-4158-AB49-1BB7D0C1E635}
		{EE16E30E-0D72-42D3-A6E9-04A8C3FC7D88} = {2DC4261F-8A4E-4158-AB49-1BB7D0C1E635}
		{D606B544-7640-4A50-98DF-E9F97467039B} = {A8A345FA-CB4D-47A9-B7C1-0DB6D52B908D}
		{DADB9023-74C8-426D-9F78-66DABBDFD22C} = {D606B544-7640-4A50-98DF-E9F97467039B}
		{16C4CC4F-17DB-41DA-AA86-AFF0DCC85697} = {A8A345FA-CB4D-47A9-B7C1-0DB6D52B908D}
		{580EA22A-26C9-4D68-8992-477DBF45A917} = {16C4CC4F-17DB-41DA-AA86-AFF0DCC85697}
		{E83289EA-E3A3-4B13-B3EC-A25E496B23FF} = {16C4CC4F-17DB-41DA-AA86-AFF0DCC85697}
		{65B82BE7-D017-4F5C-8A48-7D86C82A0D8E} = {E7752088-CAD4-463F-BBFF-00B17ACF109F}
		{CE9F5C39-BB2F-4325-98D1-813A4FB38033} = {65B82BE7-D017-4F5C-8A48-7D86C82A0D8E}
		{B1AC367E-2D19-43DB-9DFD-D2E99F25C4AB} = {25A3BA03-459D-4859-B12A-C3A2D42C950D}
		{57BBF37E-2BA6-4B83-AD74-D5C31903F474} = {B1AC367E-2D19-43DB-9DFD-D2E99F25C4AB}
		{CA102065-1737-4A05-955A-962A6EB693BC} = {57BBF37E-2BA6-4B83-AD74-D5C31903F474}
		{B44516B4-C808-417C-85DE-FF28FAC84012} = {57BBF37E-2BA6-4B83-AD74-D5C31903F474}
		{E054FD7A-A369-4079-A6C4-881DC30F653F} = {B1AC367E-2D19-43DB-9DFD-D2E99F25C4AB}
		{B5D2CF02-A926-42C8-B112-A9B969FDE9C1} = {E054FD7A-A369-4079-A6C4-881DC30F653F}
		{57A46EBB-AD5A-40C4-9F0C-0778C1391532} = {B1AC367E-2D19-43DB-9DFD-D2E99F25C4AB}
		{B615C6A9-3EDC-485B-B877-1ECBFB228BD5} = {57A46EBB-AD5A-40C4-9F0C-0778C1391532}
		{22C5E6AB-5E7A-4A48-A75D-8BA0E3A6CE88} = {57BBF37E-2BA6-4B83-AD74-D5C31903F474}
		{6BB9D8D0-9A2F-444B-85D5-6303C3B05A6D} = {B1AC367E-2D19-43DB-9DFD-D2E99F25C4AB}
		{193F2B4B-7B71-4D4B-B347-4859193BD9BB} = {6BB9D8D0-9A2F-444B-85D5-6303C3B05A6D}
		{D7AFE219-9FB9-4D73-B433-FB95B19880F1} = {193F2B4B-7B71-4D4B-B347-4859193BD9BB}
		{D05037A5-422F-4632-B59D-755C2E539B5E} = {6BB9D8D0-9A2F-444B-85D5-6303C3B05A6D}
		{A73F54B3-BB7B-4CB9-8B03-3BE59D5D0A8F} = {D05037A5-422F-4632-B59D-755C2E539B5E}
		{372ACB43-C5CD-4E55-9CBB-6C5EB1762E2C} = {6BB9D8D0-9A2F-444B-85D5-6303C3B05A6D}
		{49EA22FF-0B4D-44B4-B525-59BF2BA4D4E5} = {25A3BA03-459D-4859-B12A-C3A2D42C950D}
		{C428CCB8-8EE0-4134-85C9-B839CA76A261} = {25A3BA03-459D-4859-B12A-C3A2D42C950D}
		{02E21921-8DEA-4355-9E65-D37DD9C1C1A3} = {C428CCB8-8EE0-4134-85C9-B839CA76A261}
		{62805364-E055-44D9-9449-097E5E420D92} = {02E21921-8DEA-4355-9E65-D37DD9C1C1A3}
		{6E7BCD10-9769-4AF4-8B2B-1837AEC77513} = {49EA22FF-0B4D-44B4-B525-59BF2BA4D4E5}
		{79474D07-72C5-4DF8-9D10-3165057A003B} = {372ACB43-C5CD-4E55-9CBB-6C5EB1762E2C}
		{38D3165F-1276-4971-B7BC-ADFA8625BF7F} = {25A3BA03-459D-4859-B12A-C3A2D42C950D}
		{219B708F-0A5C-4837-9E55-9C48F2BE7DA0} = {38D3165F-1276-4971-B7BC-ADFA8625BF7F}
		{5F45830F-D621-48FB-87C1-ECA3B4FD799F} = {C428CCB8-8EE0-4134-85C9-B839CA76A261}
		{0DC24D68-557A-484D-A91E-052C82930F02} = {5F45830F-D621-48FB-87C1-ECA3B4FD799F}
	EndGlobalSection
	GlobalSection(ExtensibilityGlobals) = postSolution
		SolutionGuid = {5103347C-CC8A-459F-AD4A-7905228DA71E}
	EndGlobalSection
EndGlobal
